github.com/NicoNex/echotron/v3 v3.17.0 h1:PRMQSUaDVFYmx13/uIbI+zA9KAUg2iY7lStkMRyDNb4=
github.com/NicoNex/echotron/v3 v3.17.0/go.mod h1:0PcVrCCcHZx/4XfwbGSkUYgfMkXuehw4xiZpxp1EkDU=
github.com/NicoNex/echotron/v3 v3.18.0 h1:BtlGT47WseqbsILFsvcfX6VZcIglLnAU6zriL8CSBIQ=
github.com/NicoNex/echotron/v3 v3.18.0/go.mod h1:0PcVrCCcHZx/4XfwbGSkUYgfMkXuehw4xiZpxp1EkDU=
